
Microsoft Visual Studio Solution File, Format Version 12.00
Project("{FAE04EC0-301F-11D3-BF4B-00C04F79EFBC}") = "API", "API\API.csproj", "{052BA955-C2AF-46EC-A9B3-97A6A9CC44AD}"
EndProject
Global
	GlobalSection(SolutionConfigurationPlatforms) = preSolution
		Debug|Any CPU = Debug|Any CPU
		Release|Any CPU = Release|Any CPU
	EndGlobalSection
	GlobalSection(ProjectConfigurationPlatforms) = postSolution
		{052BA955-C2AF-46EC-A9B3-97A6A9CC44AD}.Debug|Any CPU.ActiveCfg = Debug|Any CPU
		{052BA955-C2AF-46EC-A9B3-97A6A9CC44AD}.Debug|Any CPU.Build.0 = Debug|Any CPU
		{052BA955-C2AF-46EC-A9B3-97A6A9CC44AD}.Release|Any CPU.ActiveCfg = Release|Any CPU
		{052BA955-C2AF-46EC-A9B3-97A6A9CC44AD}.Release|Any CPU.Build.0 = Release|Any CPU
	EndGlobalSection
EndGlobal
