
Microsoft Visual Studio Solution File, Format Version 12.00
Project("{FAE04EC0-301F-11D3-BF4B-00C04F79EFBC}") = "API", "API\API.csproj", "{052BA955-C2AF-46EC-A9B3-97A6A9CC44AD}"
EndProject
Project("{FAE04EC0-301F-11D3-BF4B-00C04F79EFBC}") = "Infrastructure", "Infrastructure\Infrastructure.csproj", "{5BD9F19E-0AF4-4C1D-BE4C-D3B68F72A4D2}"
EndProject
Project("{FAE04EC0-301F-11D3-BF4B-00C04F79EFBC}") = "Domain", "Domain\Domain.csproj", "{FDD211D4-1633-4C00-A840-5ECEEDFD6AB3}"
EndProject
Project("{FAE04EC0-301F-11D3-BF4B-00C04F79EFBC}") = "Persistence", "Persistence\Persistence.csproj", "{F787886F-6BE5-411F-8B4E-976AEB49D394}"
EndProject
Global
	GlobalSection(SolutionConfigurationPlatforms) = preSolution
		Debug|Any CPU = Debug|Any CPU
		Release|Any CPU = Release|Any CPU
	EndGlobalSection
	GlobalSection(ProjectConfigurationPlatforms) = postSolution
		{052BA955-C2AF-46EC-A9B3-97A6A9CC44AD}.Debug|Any CPU.ActiveCfg = Debug|Any CPU
		{052BA955-C2AF-46EC-A9B3-97A6A9CC44AD}.Debug|Any CPU.Build.0 = Debug|Any CPU
		{052BA955-C2AF-46EC-A9B3-97A6A9CC44AD}.Release|Any CPU.ActiveCfg = Release|Any CPU
		{052BA955-C2AF-46EC-A9B3-97A6A9CC44AD}.Release|Any CPU.Build.0 = Release|Any CPU
		{5BD9F19E-0AF4-4C1D-BE4C-D3B68F72A4D2}.Debug|Any CPU.ActiveCfg = Debug|Any CPU
		{5BD9F19E-0AF4-4C1D-BE4C-D3B68F72A4D2}.Debug|Any CPU.Build.0 = Debug|Any CPU
		{5BD9F19E-0AF4-4C1D-BE4C-D3B68F72A4D2}.Release|Any CPU.ActiveCfg = Release|Any CPU
		{5BD9F19E-0AF4-4C1D-BE4C-D3B68F72A4D2}.Release|Any CPU.Build.0 = Release|Any CPU
		{FDD211D4-1633-4C00-A840-5ECEEDFD6AB3}.Debug|Any CPU.ActiveCfg = Debug|Any CPU
		{FDD211D4-1633-4C00-A840-5ECEEDFD6AB3}.Debug|Any CPU.Build.0 = Debug|Any CPU
		{FDD211D4-1633-4C00-A840-5ECEEDFD6AB3}.Release|Any CPU.ActiveCfg = Release|Any CPU
		{FDD211D4-1633-4C00-A840-5ECEEDFD6AB3}.Release|Any CPU.Build.0 = Release|Any CPU
		{F787886F-6BE5-411F-8B4E-976AEB49D394}.Debug|Any CPU.ActiveCfg = Debug|Any CPU
		{F787886F-6BE5-411F-8B4E-976AEB49D394}.Debug|Any CPU.Build.0 = Debug|Any CPU
		{F787886F-6BE5-411F-8B4E-976AEB49D394}.Release|Any CPU.ActiveCfg = Release|Any CPU
		{F787886F-6BE5-411F-8B4E-976AEB49D394}.Release|Any CPU.Build.0 = Release|Any CPU
	EndGlobalSection
EndGlobal
